
Microsoft Visual Studio Solution File, Format Version 12.00
# Visual Studio Version 17
VisualStudioVersion = 17.11.35219.272
MinimumVisualStudioVersion = 10.0.40219.1
Project("{FAE04EC0-301F-11D3-BF4B-00C04F79EFBC}") = "CodingTracker", "CodingTracker\CodingTracker.csproj", "{A70A1DCE-AAFA-43DF-85BC-C320204BD12E}"
EndProject
Global
	GlobalSection(SolutionConfigurationPlatforms) = preSolution
		Debug|Any CPU = Debug|Any CPU
		Release|Any CPU = Release|Any CPU
	EndGlobalSection
	GlobalSection(ProjectConfigurationPlatforms) = postSolution
		{A70A1DCE-AAFA-43DF-85BC-C320204BD12E}.Debug|Any CPU.ActiveCfg = Debug|Any CPU
		{A70A1DCE-AAFA-43DF-85BC-C320204BD12E}.Debug|Any CPU.Build.0 = Debug|Any CPU
		{A70A1DCE-AAFA-43DF-85BC-C320204BD12E}.Release|Any CPU.ActiveCfg = Release|Any CPU
		{A70A1DCE-AAFA-43DF-85BC-C320204BD12E}.Release|Any CPU.Build.0 = Release|Any CPU
	EndGlobalSection
	GlobalSection(SolutionProperties) = preSolution
		HideSolutionNode = FALSE
	EndGlobalSection
	GlobalSection(ExtensibilityGlobals) = postSolution
		SolutionGuid = {E82C60A3-69D2-4FF9-9C7C-F98562FC5BA7}
	EndGlobalSection
EndGlobal
